
Microsoft Visual Studio Solution File, Format Version 12.00
# Visual Studio 15
VisualStudioVersion = 15.0.26730.3
MinimumVisualStudioVersion = 10.0.40219.1
Project("{FAE04EC0-301F-11D3-BF4B-00C04F79EFBC}") = "Auction", "Auction\Auction.csproj", "{A33FC7DE-D599-4398-B0C5-C7AD4D2184BE}"
EndProject
Project("{FAE04EC0-301F-11D3-BF4B-00C04F79EFBC}") = "BLL", "BLL\BLL.csproj", "{532E202B-9FD2-49FE-AB72-00CFED572A8D}"
EndProject
Project("{FAE04EC0-301F-11D3-BF4B-00C04F79EFBC}") = "DAL", "DAL\DAL.csproj", "{D7D4E87B-F8A0-4772-92B7-62A03C44C9E0}"
EndProject
Project("{FAE04EC0-301F-11D3-BF4B-00C04F79EFBC}") = "AuctionChat", "Chat\AuctionChat.csproj", "{A59B94D9-9298-425A-A9F9-BBAF1D4A40E3}"
EndProject
Global
	GlobalSection(SolutionConfigurationPlatforms) = preSolution
		Debug|Any CPU = Debug|Any CPU
		Release|Any CPU = Release|Any CPU
	EndGlobalSection
	GlobalSection(ProjectConfigurationPlatforms) = postSolution
		{A33FC7DE-D599-4398-B0C5-C7AD4D2184BE}.Debug|Any CPU.ActiveCfg = Debug|Any CPU
		{A33FC7DE-D599-4398-B0C5-C7AD4D2184BE}.Debug|Any CPU.Build.0 = Debug|Any CPU
		{A33FC7DE-D599-4398-B0C5-C7AD4D2184BE}.Release|Any CPU.ActiveCfg = Release|Any CPU
		{A33FC7DE-D599-4398-B0C5-C7AD4D2184BE}.Release|Any CPU.Build.0 = Release|Any CPU
		{532E202B-9FD2-49FE-AB72-00CFED572A8D}.Debug|Any CPU.ActiveCfg = Debug|Any CPU
		{532E202B-9FD2-49FE-AB72-00CFED572A8D}.Debug|Any CPU.Build.0 = Debug|Any CPU
		{532E202B-9FD2-49FE-AB72-00CFED572A8D}.Release|Any CPU.ActiveCfg = Release|Any CPU
		{532E202B-9FD2-49FE-AB72-00CFED572A8D}.Release|Any CPU.Build.0 = Release|Any CPU
		{D7D4E87B-F8A0-4772-92B7-62A03C44C9E0}.Debug|Any CPU.ActiveCfg = Debug|Any CPU
		{D7D4E87B-F8A0-4772-92B7-62A03C44C9E0}.Debug|Any CPU.Build.0 = Debug|Any CPU
		{D7D4E87B-F8A0-4772-92B7-62A03C44C9E0}.Release|Any CPU.ActiveCfg = Release|Any CPU
		{D7D4E87B-F8A0-4772-92B7-62A03C44C9E0}.Release|Any CPU.Build.0 = Release|Any CPU
		{A59B94D9-9298-425A-A9F9-BBAF1D4A40E3}.Debug|Any CPU.ActiveCfg = Debug|Any CPU
		{A59B94D9-9298-425A-A9F9-BBAF1D4A40E3}.Debug|Any CPU.Build.0 = Debug|Any CPU
		{A59B94D9-9298-425A-A9F9-BBAF1D4A40E3}.Release|Any CPU.ActiveCfg = Release|Any CPU
		{A59B94D9-9298-425A-A9F9-BBAF1D4A40E3}.Release|Any CPU.Build.0 = Release|Any CPU
	EndGlobalSection
	GlobalSection(SolutionProperties) = preSolution
		HideSolutionNode = FALSE
	EndGlobalSection
	GlobalSection(ExtensibilityGlobals) = postSolution
		SolutionGuid = {891EFB9E-2488-4361-8DFC-2ABC69A2EE73}
	EndGlobalSection
EndGlobal
